
Microsoft Visual Studio Solution File, Format Version 12.00
# Visual Studio 14
VisualStudioVersion = 14.0.25420.1
MinimumVisualStudioVersion = 10.0.40219.1
Project("{FAE04EC0-301F-11D3-BF4B-00C04F79EFBC}") = "WebApp", "WebApp\WebApp.csproj", "{4DF2962E-43B4-4E78-BB67-98282318BC93}"
EndProject
Project("{2150E333-8FDC-42A3-9474-1A3956D46DE8}") = "Test", "Test", "{92B27350-05FD-487D-9D15-9FA8534E7B92}"
EndProject
Project("{FAE04EC0-301F-11D3-BF4B-00C04F79EFBC}") = "WebApp.Test", "WebApp.Test\WebApp.Test.csproj", "{9002AED7-4554-4261-AD25-AF7CCF6FFE75}"
EndProject
Project("{2150E333-8FDC-42A3-9474-1A3956D46DE8}") = "Librarys", "Librarys", "{934956BE-3242-4716-ADCD-539C4DC17EC4}"
EndProject
Project("{FAE04EC0-301F-11D3-BF4B-00C04F79EFBC}") = "WebApp.Interfaces", "WebApp.Interfaces\WebApp.Interfaces.csproj", "{C00EDC9B-F416-4E8C-B2E4-D6A266C41F89}"
EndProject
Project("{FAE04EC0-301F-11D3-BF4B-00C04F79EFBC}") = "WebApp.Services", "WebApp.Services\WebApp.Services.csproj", "{30EFFF99-AB89-4467-B3C7-016710D9A06D}"
EndProject
Project("{FAE04EC0-301F-11D3-BF4B-00C04F79EFBC}") = "WebApp.Entities", "WebApp.Entities\WebApp.Entities.csproj", "{8E8DDB88-B66D-4C08-9C6E-F94701482CED}"
EndProject
Global
	GlobalSection(SolutionConfigurationPlatforms) = preSolution
		Debug|Any CPU = Debug|Any CPU
		Release|Any CPU = Release|Any CPU
	EndGlobalSection
	GlobalSection(ProjectConfigurationPlatforms) = postSolution
		{4DF2962E-43B4-4E78-BB67-98282318BC93}.Debug|Any CPU.ActiveCfg = Debug|Any CPU
		{4DF2962E-43B4-4E78-BB67-98282318BC93}.Debug|Any CPU.Build.0 = Debug|Any CPU
		{4DF2962E-43B4-4E78-BB67-98282318BC93}.Release|Any CPU.ActiveCfg = Release|Any CPU
		{4DF2962E-43B4-4E78-BB67-98282318BC93}.Release|Any CPU.Build.0 = Release|Any CPU
		{9002AED7-4554-4261-AD25-AF7CCF6FFE75}.Debug|Any CPU.ActiveCfg = Debug|Any CPU
		{9002AED7-4554-4261-AD25-AF7CCF6FFE75}.Debug|Any CPU.Build.0 = Debug|Any CPU
		{9002AED7-4554-4261-AD25-AF7CCF6FFE75}.Release|Any CPU.ActiveCfg = Release|Any CPU
		{9002AED7-4554-4261-AD25-AF7CCF6FFE75}.Release|Any CPU.Build.0 = Release|Any CPU
		{C00EDC9B-F416-4E8C-B2E4-D6A266C41F89}.Debug|Any CPU.ActiveCfg = Debug|Any CPU
		{C00EDC9B-F416-4E8C-B2E4-D6A266C41F89}.Debug|Any CPU.Build.0 = Debug|Any CPU
		{C00EDC9B-F416-4E8C-B2E4-D6A266C41F89}.Release|Any CPU.ActiveCfg = Release|Any CPU
		{C00EDC9B-F416-4E8C-B2E4-D6A266C41F89}.Release|Any CPU.Build.0 = Release|Any CPU
		{30EFFF99-AB89-4467-B3C7-016710D9A06D}.Debug|Any CPU.ActiveCfg = Debug|Any CPU
		{30EFFF99-AB89-4467-B3C7-016710D9A06D}.Debug|Any CPU.Build.0 = Debug|Any CPU
		{30EFFF99-AB89-4467-B3C7-016710D9A06D}.Release|Any CPU.ActiveCfg = Release|Any CPU
		{30EFFF99-AB89-4467-B3C7-016710D9A06D}.Release|Any CPU.Build.0 = Release|Any CPU
		{8E8DDB88-B66D-4C08-9C6E-F94701482CED}.Debug|Any CPU.ActiveCfg = Debug|Any CPU
		{8E8DDB88-B66D-4C08-9C6E-F94701482CED}.Debug|Any CPU.Build.0 = Debug|Any CPU
		{8E8DDB88-B66D-4C08-9C6E-F94701482CED}.Release|Any CPU.ActiveCfg = Release|Any CPU
		{8E8DDB88-B66D-4C08-9C6E-F94701482CED}.Release|Any CPU.Build.0 = Release|Any CPU
	EndGlobalSection
	GlobalSection(SolutionProperties) = preSolution
		HideSolutionNode = FALSE
	EndGlobalSection
	GlobalSection(NestedProjects) = preSolution
		{9002AED7-4554-4261-AD25-AF7CCF6FFE75} = {92B27350-05FD-487D-9D15-9FA8534E7B92}
		{C00EDC9B-F416-4E8C-B2E4-D6A266C41F89} = {934956BE-3242-4716-ADCD-539C4DC17EC4}
		{30EFFF99-AB89-4467-B3C7-016710D9A06D} = {934956BE-3242-4716-ADCD-539C4DC17EC4}
		{8E8DDB88-B66D-4C08-9C6E-F94701482CED} = {934956BE-3242-4716-ADCD-539C4DC17EC4}
	EndGlobalSection
EndGlobal
